
Microsoft Visual Studio Solution File, Format Version 12.00
# Visual Studio Version 16
VisualStudioVersion = 16.0.32002.261
MinimumVisualStudioVersion = 10.0.40219.1
Project("{FAE04EC0-301F-11D3-BF4B-00C04F79EFBC}") = "eTickets", "eTickets\eTickets.csproj", "{371104CA-D3B3-4131-AC37-510A40A8B358}"
EndProject
Global
	GlobalSection(SolutionConfigurationPlatforms) = preSolution
		Debug|Any CPU = Debug|Any CPU
		Release|Any CPU = Release|Any CPU
	EndGlobalSection
	GlobalSection(ProjectConfigurationPlatforms) = postSolution
		{371104CA-D3B3-4131-AC37-510A40A8B358}.Debug|Any CPU.ActiveCfg = Debug|Any CPU
		{371104CA-D3B3-4131-AC37-510A40A8B358}.Debug|Any CPU.Build.0 = Debug|Any CPU
		{371104CA-D3B3-4131-AC37-510A40A8B358}.Release|Any CPU.ActiveCfg = Release|Any CPU
		{371104CA-D3B3-4131-AC37-510A40A8B358}.Release|Any CPU.Build.0 = Release|Any CPU
	EndGlobalSection
	GlobalSection(SolutionProperties) = preSolution
		HideSolutionNode = FALSE
	EndGlobalSection
	GlobalSection(ExtensibilityGlobals) = postSolution
		SolutionGuid = {4391C5DD-17B8-4008-B5FA-8EB6AACD110B}
	EndGlobalSection
EndGlobal
